
Microsoft Visual Studio Solution File, Format Version 12.00
# Visual Studio Version 17
VisualStudioVersion = 17.12.35527.113
MinimumVisualStudioVersion = 10.0.40219.1
Project("{2150E333-8FDC-42A3-9474-1A3956D46DE8}") = "shared", "shared", "{B8398B61-5EF8-4236-8484-AAD3D65E5A85}"
EndProject
Project("{2150E333-8FDC-42A3-9474-1A3956D46DE8}") = "microservices", "microservices", "{E2ACFC20-F569-42C9-8E79-9D43DF535C2C}"
EndProject
Project("{FAE04EC0-301F-11D3-BF4B-00C04F79EFBC}") = "ECOMMERCE.SUBMISSION.DATA", "ECOMMERCE.SUBMISSION.DATA\ECOMMERCE.SUBMISSION.DATA.csproj", "{BE264626-748D-4BB8-B526-DA9C1BAE7DE1}"
EndProject
Project("{FAE04EC0-301F-11D3-BF4B-00C04F79EFBC}") = "ECOMMERCE.SUBMISSION.HELPER", "ECOMMERCE.SUBMISSION.HELPER\ECOMMERCE.SUBMISSION.HELPER.csproj", "{B8E22A32-EC54-45B7-9D15-A784F2814A70}"
EndProject
Project("{FAE04EC0-301F-11D3-BF4B-00C04F79EFBC}") = "ECOMMERCE.SUBMISSION.REPOSITORY", "ECOMMERCE.SUBMISSION.REPOSITORY\ECOMMERCE.SUBMISSION.REPOSITORY.csproj", "{32DA2702-3E34-4129-8FA9-292432F27DDF}"
EndProject
Project("{FAE04EC0-301F-11D3-BF4B-00C04F79EFBC}") = "ECOMMERCE.SUBMISSION.SERVICE", "ECOMMERCE.SUBMISSION.SERVICE\ECOMMERCE.SUBMISSION.SERVICE.csproj", "{07531064-472A-438C-96FE-DFA548309253}"
EndProject
Project("{FAE04EC0-301F-11D3-BF4B-00C04F79EFBC}") = "ECOMMERCE.SUBMISSION.DTO", "ECOMMERCE.SUBMISSION.DTO\ECOMMERCE.SUBMISSION.DTO.csproj", "{6FAE99BD-2E8D-46DA-9BD0-70F00186A459}"
EndProject
Project("{FAE04EC0-301F-11D3-BF4B-00C04F79EFBC}") = "ECOMMERCE.SUBMISSION.ASPRISE.APPHOST.AppHost", "ECOMMERCE.SUBMISSION.ASPRISE.APPHOST\ECOMMERCE.SUBMISSION.ASPRISE.APPHOST.AppHost\ECOMMERCE.SUBMISSION.ASPRISE.APPHOST.AppHost.csproj", "{8F29CD35-353A-488C-B8DD-ED5C5A9FF4FE}"
EndProject
Project("{FAE04EC0-301F-11D3-BF4B-00C04F79EFBC}") = "ECOMMERCE.SUBMISSION.ASPRISE.APPHOST.ServiceDefaults", "ECOMMERCE.SUBMISSION.ASPRISE.APPHOST\ECOMMERCE.SUBMISSION.ASPRISE.APPHOST.ServiceDefaults\ECOMMERCE.SUBMISSION.ASPRISE.APPHOST.ServiceDefaults.csproj", "{390C4F95-B2D0-4FE8-86F3-0E4F7C50460E}"
EndProject
Project("{FAE04EC0-301F-11D3-BF4B-00C04F79EFBC}") = "ECOMMERCE.SUBMISSION.ASPRISE.APPHOST.ApiService", "ECOMMERCE.SUBMISSION.ASPRISE.APPHOST\ECOMMERCE.SUBMISSION.ASPRISE.APPHOST.ApiService\ECOMMERCE.SUBMISSION.ASPRISE.APPHOST.ApiService.csproj", "{F85E652E-9FC8-4955-AA34-F29D272ACCF4}"
EndProject
Project("{FAE04EC0-301F-11D3-BF4B-00C04F79EFBC}") = "ECOMMERCE.SUBMISSION.WEB.ADMIN", "ECOMMERCE.SUBMISSION.ASPRISE.APPHOST\ECOMMERCE.SUBMISSION.ASPRISE.APPHOST.Web\ECOMMERCE.SUBMISSION.WEB.ADMIN.csproj", "{B5F73F83-A676-4966-94B4-F53478E28FDD}"
EndProject
Project("{FAE04EC0-301F-11D3-BF4B-00C04F79EFBC}") = "ECOMMERCE.SUBMISSION.ASPRISE.APPHOST.Tests", "ECOMMERCE.SUBMISSION.ASPRISE.APPHOST\ECOMMERCE.SUBMISSION.ASPRISE.APPHOST.Tests\ECOMMERCE.SUBMISSION.ASPRISE.APPHOST.Tests.csproj", "{6E9066A6-6E8B-4DF9-97B3-6CA82C544DBD}"
EndProject
Project("{2150E333-8FDC-42A3-9474-1A3956D46DE8}") = "webs", "webs", "{23DCA81B-4E41-4223-921A-FB4F47E81E1C}"
EndProject
Project("{2150E333-8FDC-42A3-9474-1A3956D46DE8}") = "tests", "tests", "{5AC5E93D-E209-4098-8A37-BBF7D95155FD}"
EndProject
Project("{FAE04EC0-301F-11D3-BF4B-00C04F79EFBC}") = "ECOMMERCE.SUBMISSION.API.ACCOUNT", "ECOMMERCE.SUBMISSION.API.ACCOUNT\ECOMMERCE.SUBMISSION.API.ACCOUNT.csproj", "{E77919D2-AF85-4666-9710-BC6F4BB99B66}"
EndProject
Project("{FAE04EC0-301F-11D3-BF4B-00C04F79EFBC}") = "ECOMMERCE.SUBMISSION.API.ORDER", "ECOMMERCE.SUBMISSION.API.ORDER\ECOMMERCE.SUBMISSION.API.ORDER.csproj", "{489CEDC9-289D-524A-5B4E-93A4E76F1DAE}"
EndProject
Project("{2150E333-8FDC-42A3-9474-1A3956D46DE8}") = "background-services", "background-services", "{B9634E3A-A513-4665-972F-BC068626FF16}"
EndProject
Project("{2150E333-8FDC-42A3-9474-1A3956D46DE8}") = "event-bus", "event-bus", "{339A77D3-E2EA-4E48-9AB0-58078DC48F69}"
EndProject
Project("{FAE04EC0-301F-11D3-BF4B-00C04F79EFBC}") = "ECOMMERCE.SUBMISSION.EVENT.BUS.CORE", "ECOMMERCE.SUBMISSION.EVENT.BUS.CORE\ECOMMERCE.SUBMISSION.EVENT.BUS.CORE.csproj", "{A51467DE-8CBB-4FB1-988C-BDB972D03D7C}"
EndProject
Project("{FAE04EC0-301F-11D3-BF4B-00C04F79EFBC}") = "ECOMMERCE.SUBMISSION.EVENT.BUS.KAFKA", "ECOMMERCE.SUBMISSION.EVENT.BUS.KAFKA\ECOMMERCE.SUBMISSION.EVENT.BUS.KAFKA.csproj", "{C6476930-B7D1-4C27-B237-2A766092E1BB}"
EndProject
Project("{FAE04EC0-301F-11D3-BF4B-00C04F79EFBC}") = "ECOMMERCE.SUBMISSION.PROCESS.ORDER", "ECOMMERCE.SUBMISSION.PROCESS.ORDER\ECOMMERCE.SUBMISSION.PROCESS.ORDER.csproj", "{FA6C8720-D5A8-47BD-89A6-394CB50271C1}"
EndProject
Project("{FAE04EC0-301F-11D3-BF4B-00C04F79EFBC}") = "ECOMMERCE.SUBMISSION.API.PAYMENT", "ECOMMERCE.SUBMISSION.API.PAYMENT\ECOMMERCE.SUBMISSION.API.PAYMENT.csproj", "{BF5CA97F-EA20-4E9F-92E3-76F4F05A3857}"
EndProject
Project("{FAE04EC0-301F-11D3-BF4B-00C04F79EFBC}") = "ECOMMERCE.SUBMISSION.PROCESS.INVOICE", "ECOMMERCE.SUBMISSION.PROCESS.INVOICE\ECOMMERCE.SUBMISSION.PROCESS.INVOICE.csproj", "{AA5BFD92-EFB3-4B37-9DD4-861B12F0FBBF}"
EndProject
Project("{FAE04EC0-301F-11D3-BF4B-00C04F79EFBC}") = "ECOMMERCE.SUBMISSION.PROCESS.PRODUCTION", "ECOMMERCE.SUBMISSION.PROCESS.PRODUCTION\ECOMMERCE.SUBMISSION.PROCESS.PRODUCTION.csproj", "{93C66176-D472-4665-ADC2-336E0EA5005D}"
EndProject
Project("{2150E333-8FDC-42A3-9474-1A3956D46DE8}") = "email-service", "email-service", "{82290D65-E9AA-4E76-ACFB-5322CBDB2965}"
EndProject
Project("{FAE04EC0-301F-11D3-BF4B-00C04F79EFBC}") = "ECOMMERCE.SUBMISSION.EMAIL.CORE", "ECOMMERCE.SUBMISSION.EMAIL.CORE\ECOMMERCE.SUBMISSION.EMAIL.CORE.csproj", "{903363B3-B1D1-40BA-8312-1DC2DE464E3A}"
EndProject
Project("{FAE04EC0-301F-11D3-BF4B-00C04F79EFBC}") = "ECOMMERCE.SUBMISSION.EMAIL.INFRASTRUCTURE", "ECOMMERCE.SUBMISSION.EMAIL.INFRASTRUCTURE\ECOMMERCE.SUBMISSION.EMAIL.INFRASTRUCTURE.csproj", "{7A1CB44D-8286-43D7-A233-89DE027FA068}"
EndProject
Project("{FAE04EC0-301F-11D3-BF4B-00C04F79EFBC}") = "ECOMMERCE.SUBMISSION.API.EMAIL", "ECOMMERCE.SUBMISSION.API.EMAIL\ECOMMERCE.SUBMISSION.API.EMAIL.csproj", "{6662C6F2-AC30-4B0F-B55B-8E469FF286F8}"
EndProject
Project("{FAE04EC0-301F-11D3-BF4B-00C04F79EFBC}") = "ECOMMERCE.SUBMISSION.PROCESS.EMAIL", "ECOMMERCE.SUBMISSION.PROCESS.EMAIL\ECOMMERCE.SUBMISSION.PROCESS.EMAIL.csproj", "{8126FFAB-6C97-40D1-9433-F9631C8C746A}"
EndProject
Global
	GlobalSection(SolutionConfigurationPlatforms) = preSolution
		Debug|Any CPU = Debug|Any CPU
		Release|Any CPU = Release|Any CPU
	EndGlobalSection
	GlobalSection(ProjectConfigurationPlatforms) = postSolution
		{BE264626-748D-4BB8-B526-DA9C1BAE7DE1}.Debug|Any CPU.ActiveCfg = Debug|Any CPU
		{BE264626-748D-4BB8-B526-DA9C1BAE7DE1}.Debug|Any CPU.Build.0 = Debug|Any CPU
		{BE264626-748D-4BB8-B526-DA9C1BAE7DE1}.Release|Any CPU.ActiveCfg = Release|Any CPU
		{BE264626-748D-4BB8-B526-DA9C1BAE7DE1}.Release|Any CPU.Build.0 = Release|Any CPU
		{B8E22A32-EC54-45B7-9D15-A784F2814A70}.Debug|Any CPU.ActiveCfg = Debug|Any CPU
		{B8E22A32-EC54-45B7-9D15-A784F2814A70}.Debug|Any CPU.Build.0 = Debug|Any CPU
		{B8E22A32-EC54-45B7-9D15-A784F2814A70}.Release|Any CPU.ActiveCfg = Release|Any CPU
		{B8E22A32-EC54-45B7-9D15-A784F2814A70}.Release|Any CPU.Build.0 = Release|Any CPU
		{32DA2702-3E34-4129-8FA9-292432F27DDF}.Debug|Any CPU.ActiveCfg = Debug|Any CPU
		{32DA2702-3E34-4129-8FA9-292432F27DDF}.Debug|Any CPU.Build.0 = Debug|Any CPU
		{32DA2702-3E34-4129-8FA9-292432F27DDF}.Release|Any CPU.ActiveCfg = Release|Any CPU
		{32DA2702-3E34-4129-8FA9-292432F27DDF}.Release|Any CPU.Build.0 = Release|Any CPU
		{07531064-472A-438C-96FE-DFA548309253}.Debug|Any CPU.ActiveCfg = Debug|Any CPU
		{07531064-472A-438C-96FE-DFA548309253}.Debug|Any CPU.Build.0 = Debug|Any CPU
		{07531064-472A-438C-96FE-DFA548309253}.Release|Any CPU.ActiveCfg = Release|Any CPU
		{07531064-472A-438C-96FE-DFA548309253}.Release|Any CPU.Build.0 = Release|Any CPU
		{6FAE99BD-2E8D-46DA-9BD0-70F00186A459}.Debug|Any CPU.ActiveCfg = Debug|Any CPU
		{6FAE99BD-2E8D-46DA-9BD0-70F00186A459}.Debug|Any CPU.Build.0 = Debug|Any CPU
		{6FAE99BD-2E8D-46DA-9BD0-70F00186A459}.Release|Any CPU.ActiveCfg = Release|Any CPU
		{6FAE99BD-2E8D-46DA-9BD0-70F00186A459}.Release|Any CPU.Build.0 = Release|Any CPU
		{8F29CD35-353A-488C-B8DD-ED5C5A9FF4FE}.Debug|Any CPU.ActiveCfg = Debug|Any CPU
		{8F29CD35-353A-488C-B8DD-ED5C5A9FF4FE}.Debug|Any CPU.Build.0 = Debug|Any CPU
		{8F29CD35-353A-488C-B8DD-ED5C5A9FF4FE}.Release|Any CPU.ActiveCfg = Release|Any CPU
		{8F29CD35-353A-488C-B8DD-ED5C5A9FF4FE}.Release|Any CPU.Build.0 = Release|Any CPU
		{390C4F95-B2D0-4FE8-86F3-0E4F7C50460E}.Debug|Any CPU.ActiveCfg = Debug|Any CPU
		{390C4F95-B2D0-4FE8-86F3-0E4F7C50460E}.Debug|Any CPU.Build.0 = Debug|Any CPU
		{390C4F95-B2D0-4FE8-86F3-0E4F7C50460E}.Release|Any CPU.ActiveCfg = Release|Any CPU
		{390C4F95-B2D0-4FE8-86F3-0E4F7C50460E}.Release|Any CPU.Build.0 = Release|Any CPU
		{F85E652E-9FC8-4955-AA34-F29D272ACCF4}.Debug|Any CPU.ActiveCfg = Debug|Any CPU
		{F85E652E-9FC8-4955-AA34-F29D272ACCF4}.Debug|Any CPU.Build.0 = Debug|Any CPU
		{F85E652E-9FC8-4955-AA34-F29D272ACCF4}.Release|Any CPU.ActiveCfg = Release|Any CPU
		{F85E652E-9FC8-4955-AA34-F29D272ACCF4}.Release|Any CPU.Build.0 = Release|Any CPU
		{B5F73F83-A676-4966-94B4-F53478E28FDD}.Debug|Any CPU.ActiveCfg = Debug|Any CPU
		{B5F73F83-A676-4966-94B4-F53478E28FDD}.Debug|Any CPU.Build.0 = Debug|Any CPU
		{B5F73F83-A676-4966-94B4-F53478E28FDD}.Release|Any CPU.ActiveCfg = Release|Any CPU
		{B5F73F83-A676-4966-94B4-F53478E28FDD}.Release|Any CPU.Build.0 = Release|Any CPU
		{6E9066A6-6E8B-4DF9-97B3-6CA82C544DBD}.Debug|Any CPU.ActiveCfg = Debug|Any CPU
		{6E9066A6-6E8B-4DF9-97B3-6CA82C544DBD}.Debug|Any CPU.Build.0 = Debug|Any CPU
		{6E9066A6-6E8B-4DF9-97B3-6CA82C544DBD}.Release|Any CPU.ActiveCfg = Release|Any CPU
		{6E9066A6-6E8B-4DF9-97B3-6CA82C544DBD}.Release|Any CPU.Build.0 = Release|Any CPU
		{E77919D2-AF85-4666-9710-BC6F4BB99B66}.Debug|Any CPU.ActiveCfg = Debug|Any CPU
		{E77919D2-AF85-4666-9710-BC6F4BB99B66}.Debug|Any CPU.Build.0 = Debug|Any CPU
		{E77919D2-AF85-4666-9710-BC6F4BB99B66}.Release|Any CPU.ActiveCfg = Release|Any CPU
		{E77919D2-AF85-4666-9710-BC6F4BB99B66}.Release|Any CPU.Build.0 = Release|Any CPU
		{489CEDC9-289D-524A-5B4E-93A4E76F1DAE}.Debug|Any CPU.ActiveCfg = Debug|Any CPU
		{489CEDC9-289D-524A-5B4E-93A4E76F1DAE}.Debug|Any CPU.Build.0 = Debug|Any CPU
		{489CEDC9-289D-524A-5B4E-93A4E76F1DAE}.Release|Any CPU.ActiveCfg = Release|Any CPU
		{489CEDC9-289D-524A-5B4E-93A4E76F1DAE}.Release|Any CPU.Build.0 = Release|Any CPU
		{A51467DE-8CBB-4FB1-988C-BDB972D03D7C}.Debug|Any CPU.ActiveCfg = Debug|Any CPU
		{A51467DE-8CBB-4FB1-988C-BDB972D03D7C}.Debug|Any CPU.Build.0 = Debug|Any CPU
		{A51467DE-8CBB-4FB1-988C-BDB972D03D7C}.Release|Any CPU.ActiveCfg = Release|Any CPU
		{A51467DE-8CBB-4FB1-988C-BDB972D03D7C}.Release|Any CPU.Build.0 = Release|Any CPU
		{C6476930-B7D1-4C27-B237-2A766092E1BB}.Debug|Any CPU.ActiveCfg = Debug|Any CPU
		{C6476930-B7D1-4C27-B237-2A766092E1BB}.Debug|Any CPU.Build.0 = Debug|Any CPU
		{C6476930-B7D1-4C27-B237-2A766092E1BB}.Release|Any CPU.ActiveCfg = Release|Any CPU
		{C6476930-B7D1-4C27-B237-2A766092E1BB}.Release|Any CPU.Build.0 = Release|Any CPU
		{FA6C8720-D5A8-47BD-89A6-394CB50271C1}.Debug|Any CPU.ActiveCfg = Debug|Any CPU
		{FA6C8720-D5A8-47BD-89A6-394CB50271C1}.Debug|Any CPU.Build.0 = Debug|Any CPU
		{FA6C8720-D5A8-47BD-89A6-394CB50271C1}.Release|Any CPU.ActiveCfg = Release|Any CPU
		{FA6C8720-D5A8-47BD-89A6-394CB50271C1}.Release|Any CPU.Build.0 = Release|Any CPU
		{BF5CA97F-EA20-4E9F-92E3-76F4F05A3857}.Debug|Any CPU.ActiveCfg = Debug|Any CPU
		{BF5CA97F-EA20-4E9F-92E3-76F4F05A3857}.Debug|Any CPU.Build.0 = Debug|Any CPU
		{BF5CA97F-EA20-4E9F-92E3-76F4F05A3857}.Release|Any CPU.ActiveCfg = Release|Any CPU
		{BF5CA97F-EA20-4E9F-92E3-76F4F05A3857}.Release|Any CPU.Build.0 = Release|Any CPU
		{AA5BFD92-EFB3-4B37-9DD4-861B12F0FBBF}.Debug|Any CPU.ActiveCfg = Debug|Any CPU
		{AA5BFD92-EFB3-4B37-9DD4-861B12F0FBBF}.Debug|Any CPU.Build.0 = Debug|Any CPU
		{AA5BFD92-EFB3-4B37-9DD4-861B12F0FBBF}.Release|Any CPU.ActiveCfg = Release|Any CPU
		{AA5BFD92-EFB3-4B37-9DD4-861B12F0FBBF}.Release|Any CPU.Build.0 = Release|Any CPU
		{93C66176-D472-4665-ADC2-336E0EA5005D}.Debug|Any CPU.ActiveCfg = Debug|Any CPU
		{93C66176-D472-4665-ADC2-336E0EA5005D}.Debug|Any CPU.Build.0 = Debug|Any CPU
		{93C66176-D472-4665-ADC2-336E0EA5005D}.Release|Any CPU.ActiveCfg = Release|Any CPU
		{93C66176-D472-4665-ADC2-336E0EA5005D}.Release|Any CPU.Build.0 = Release|Any CPU
		{903363B3-B1D1-40BA-8312-1DC2DE464E3A}.Debug|Any CPU.ActiveCfg = Debug|Any CPU
		{903363B3-B1D1-40BA-8312-1DC2DE464E3A}.Debug|Any CPU.Build.0 = Debug|Any CPU
		{903363B3-B1D1-40BA-8312-1DC2DE464E3A}.Release|Any CPU.ActiveCfg = Release|Any CPU
		{903363B3-B1D1-40BA-8312-1DC2DE464E3A}.Release|Any CPU.Build.0 = Release|Any CPU
		{7A1CB44D-8286-43D7-A233-89DE027FA068}.Debug|Any CPU.ActiveCfg = Debug|Any CPU
		{7A1CB44D-8286-43D7-A233-89DE027FA068}.Debug|Any CPU.Build.0 = Debug|Any CPU
		{7A1CB44D-8286-43D7-A233-89DE027FA068}.Release|Any CPU.ActiveCfg = Release|Any CPU
		{7A1CB44D-8286-43D7-A233-89DE027FA068}.Release|Any CPU.Build.0 = Release|Any CPU
		{6662C6F2-AC30-4B0F-B55B-8E469FF286F8}.Debug|Any CPU.ActiveCfg = Debug|Any CPU
		{6662C6F2-AC30-4B0F-B55B-8E469FF286F8}.Debug|Any CPU.Build.0 = Debug|Any CPU
		{6662C6F2-AC30-4B0F-B55B-8E469FF286F8}.Release|Any CPU.ActiveCfg = Release|Any CPU
		{6662C6F2-AC30-4B0F-B55B-8E469FF286F8}.Release|Any CPU.Build.0 = Release|Any CPU
		{8126FFAB-6C97-40D1-9433-F9631C8C746A}.Debug|Any CPU.ActiveCfg = Debug|Any CPU
		{8126FFAB-6C97-40D1-9433-F9631C8C746A}.Debug|Any CPU.Build.0 = Debug|Any CPU
		{8126FFAB-6C97-40D1-9433-F9631C8C746A}.Release|Any CPU.ActiveCfg = Release|Any CPU
		{8126FFAB-6C97-40D1-9433-F9631C8C746A}.Release|Any CPU.Build.0 = Release|Any CPU
	EndGlobalSection
	GlobalSection(SolutionProperties) = preSolution
		HideSolutionNode = FALSE
	EndGlobalSection
	GlobalSection(NestedProjects) = preSolution
		{BE264626-748D-4BB8-B526-DA9C1BAE7DE1} = {B8398B61-5EF8-4236-8484-AAD3D65E5A85}
		{B8E22A32-EC54-45B7-9D15-A784F2814A70} = {B8398B61-5EF8-4236-8484-AAD3D65E5A85}
		{32DA2702-3E34-4129-8FA9-292432F27DDF} = {B8398B61-5EF8-4236-8484-AAD3D65E5A85}
		{07531064-472A-438C-96FE-DFA548309253} = {B8398B61-5EF8-4236-8484-AAD3D65E5A85}
		{6FAE99BD-2E8D-46DA-9BD0-70F00186A459} = {B8398B61-5EF8-4236-8484-AAD3D65E5A85}
		{F85E652E-9FC8-4955-AA34-F29D272ACCF4} = {E2ACFC20-F569-42C9-8E79-9D43DF535C2C}
		{B5F73F83-A676-4966-94B4-F53478E28FDD} = {23DCA81B-4E41-4223-921A-FB4F47E81E1C}
		{6E9066A6-6E8B-4DF9-97B3-6CA82C544DBD} = {5AC5E93D-E209-4098-8A37-BBF7D95155FD}
		{E77919D2-AF85-4666-9710-BC6F4BB99B66} = {E2ACFC20-F569-42C9-8E79-9D43DF535C2C}
		{489CEDC9-289D-524A-5B4E-93A4E76F1DAE} = {E2ACFC20-F569-42C9-8E79-9D43DF535C2C}
		{A51467DE-8CBB-4FB1-988C-BDB972D03D7C} = {339A77D3-E2EA-4E48-9AB0-58078DC48F69}
		{C6476930-B7D1-4C27-B237-2A766092E1BB} = {339A77D3-E2EA-4E48-9AB0-58078DC48F69}
		{FA6C8720-D5A8-47BD-89A6-394CB50271C1} = {B9634E3A-A513-4665-972F-BC068626FF16}
		{BF5CA97F-EA20-4E9F-92E3-76F4F05A3857} = {E2ACFC20-F569-42C9-8E79-9D43DF535C2C}
		{AA5BFD92-EFB3-4B37-9DD4-861B12F0FBBF} = {B9634E3A-A513-4665-972F-BC068626FF16}
		{93C66176-D472-4665-ADC2-336E0EA5005D} = {B9634E3A-A513-4665-972F-BC068626FF16}
		{82290D65-E9AA-4E76-ACFB-5322CBDB2965} = {E2ACFC20-F569-42C9-8E79-9D43DF535C2C}
		{903363B3-B1D1-40BA-8312-1DC2DE464E3A} = {82290D65-E9AA-4E76-ACFB-5322CBDB2965}
		{7A1CB44D-8286-43D7-A233-89DE027FA068} = {82290D65-E9AA-4E76-ACFB-5322CBDB2965}
		{6662C6F2-AC30-4B0F-B55B-8E469FF286F8} = {82290D65-E9AA-4E76-ACFB-5322CBDB2965}
		{8126FFAB-6C97-40D1-9433-F9631C8C746A} = {B9634E3A-A513-4665-972F-BC068626FF16}
	EndGlobalSection
EndGlobal
